
Microsoft Visual Studio Solution File, Format Version 12.00
# Visual Studio Version 17
VisualStudioVersion = 17.14.36414.22 d17.14
MinimumVisualStudioVersion = 10.0.40219.1
Project("{FAE04EC0-301F-11D3-BF4B-00C04F79EFBC}") = "Ludoteca", "Ludoteca\Ludoteca.csproj", "{89815403-F92C-47A0-8D8F-57AC8161E98D}"
EndProject
Global
	GlobalSection(SolutionConfigurationPlatforms) = preSolution
		Debug|Any CPU = Debug|Any CPU
		Release|Any CPU = Release|Any CPU
	EndGlobalSection
	GlobalSection(ProjectConfigurationPlatforms) = postSolution
		{89815403-F92C-47A0-8D8F-57AC8161E98D}.Debug|Any CPU.ActiveCfg = Debug|Any CPU
		{89815403-F92C-47A0-8D8F-57AC8161E98D}.Debug|Any CPU.Build.0 = Debug|Any CPU
		{89815403-F92C-47A0-8D8F-57AC8161E98D}.Release|Any CPU.ActiveCfg = Release|Any CPU
		{89815403-F92C-47A0-8D8F-57AC8161E98D}.Release|Any CPU.Build.0 = Release|Any CPU
	EndGlobalSection
	GlobalSection(SolutionProperties) = preSolution
		HideSolutionNode = FALSE
	EndGlobalSection
	GlobalSection(ExtensibilityGlobals) = postSolution
		SolutionGuid = {57EBED27-1C12-405C-B65E-D81E94512A50}
	EndGlobalSection
EndGlobal
